
Microsoft Visual Studio Solution File, Format Version 11.00
# Visual Studio 2010
Project("{FAE04EC0-301F-11D3-BF4B-00C04F79EFBC}") = "SmoothSlopes", "SmoothSlopes\SmoothSlopes.csproj", "{364F581C-7DD0-4B60-A279-EC63DB0E9690}"
EndProject
Global
	GlobalSection(SolutionConfigurationPlatforms) = preSolution
		Debug|Any CPU = Debug|Any CPU
		Release|Any CPU = Release|Any CPU
	EndGlobalSection
	GlobalSection(ProjectConfigurationPlatforms) = postSolution
		{364F581C-7DD0-4B60-A279-EC63DB0E9690}.Debug|Any CPU.ActiveCfg = Debug|Any CPU
		{364F581C-7DD0-4B60-A279-EC63DB0E9690}.Debug|Any CPU.Build.0 = Debug|Any CPU
		{364F581C-7DD0-4B60-A279-EC63DB0E9690}.Release|Any CPU.ActiveCfg = Release|Any CPU
		{364F581C-7DD0-4B60-A279-EC63DB0E9690}.Release|Any CPU.Build.0 = Release|Any CPU
	EndGlobalSection
	GlobalSection(SolutionProperties) = preSolution
		HideSolutionNode = FALSE
	EndGlobalSection
EndGlobal
